
Microsoft Visual Studio Solution File, Format Version 12.00
# Visual Studio 15
Project("{FAE04EC0-301F-11D3-BF4B-00C04F79EFBC}") = "Microsoft.MixedReality.Toolkit.SDK", "Microsoft.MixedReality.Toolkit.SDK.csproj", "{DDC4564B-B5DA-1A62-4661-4F056B39A6CC}"
EndProject
Project("{FAE04EC0-301F-11D3-BF4B-00C04F79EFBC}") = "Microsoft.MixedReality.Toolkit.Providers.OpenVR", "Microsoft.MixedReality.Toolkit.Providers.OpenVR.csproj", "{BC7571A2-ED70-8837-9803-1BE30E148A5A}"
EndProject
Project("{FAE04EC0-301F-11D3-BF4B-00C04F79EFBC}") = "Microsoft.MixedReality.Toolkit.Examples", "Microsoft.MixedReality.Toolkit.Examples.csproj", "{9AB909E5-BEDD-596F-A566-41E09BD131BD}"
EndProject
Project("{FAE04EC0-301F-11D3-BF4B-00C04F79EFBC}") = "Microsoft.MixedReality.Toolkit", "Microsoft.MixedReality.Toolkit.csproj", "{4E083D42-F796-D5DC-324B-CC73FC7BEDEA}"
EndProject
Project("{FAE04EC0-301F-11D3-BF4B-00C04F79EFBC}") = "Microsoft.MixedReality.Toolkit.Services.SpatialAwarenessSystem", "Microsoft.MixedReality.Toolkit.Services.SpatialAwarenessSystem.csproj", "{EBD4F8B5-C271-3DF9-3388-8DE8DFC5B63F}"
EndProject
Project("{FAE04EC0-301F-11D3-BF4B-00C04F79EFBC}") = "Microsoft.MixedReality.Toolkit.Gltf", "Microsoft.MixedReality.Toolkit.Gltf.csproj", "{95616082-B30F-D685-1E67-94572F41364F}"
EndProject
Project("{FAE04EC0-301F-11D3-BF4B-00C04F79EFBC}") = "Microsoft.MixedReality.Toolkit.Services.SceneSystem", "Microsoft.MixedReality.Toolkit.Services.SceneSystem.csproj", "{07BB6BFB-8E12-90CF-8498-FAC01839C901}"
EndProject
Project("{FAE04EC0-301F-11D3-BF4B-00C04F79EFBC}") = "Microsoft.MixedReality.Toolkit.Services.InputSystem", "Microsoft.MixedReality.Toolkit.Services.InputSystem.csproj", "{CE78FEA7-B8FA-3AE6-DECD-568D28D37D64}"
EndProject
Project("{FAE04EC0-301F-11D3-BF4B-00C04F79EFBC}") = "Microsoft.MixedReality.Toolkit.Providers.XRSDK.WindowsMixedReality", "Microsoft.MixedReality.Toolkit.Providers.XRSDK.WindowsMixedReality.csproj", "{E5F947E4-A92F-3C23-E33C-E803122B4CD8}"
EndProject
Project("{FAE04EC0-301F-11D3-BF4B-00C04F79EFBC}") = "Microsoft.MixedReality.Toolkit.Services.InputSimulation", "Microsoft.MixedReality.Toolkit.Services.InputSimulation.csproj", "{220F5E32-5F9A-4369-4D1C-00EA7BB43E28}"
EndProject
Project("{FAE04EC0-301F-11D3-BF4B-00C04F79EFBC}") = "Microsoft.MixedReality.Toolkit.Providers.UnityAR", "Microsoft.MixedReality.Toolkit.Providers.UnityAR.csproj", "{54331562-AFE6-B38E-345D-6309F3593CEF}"
EndProject
Project("{FAE04EC0-301F-11D3-BF4B-00C04F79EFBC}") = "Microsoft.MixedReality.Toolkit.Services.InputAnimation", "Microsoft.MixedReality.Toolkit.Services.InputAnimation.csproj", "{61B32C84-621C-9542-2FB5-97CC10F09416}"
EndProject
Project("{FAE04EC0-301F-11D3-BF4B-00C04F79EFBC}") = "Microsoft.MixedReality.Toolkit.Providers.WindowsVoiceInput", "Microsoft.MixedReality.Toolkit.Providers.WindowsVoiceInput.csproj", "{A80B93F2-2FD2-4E6E-0F66-0DEACDB3E1B2}"
EndProject
Project("{FAE04EC0-301F-11D3-BF4B-00C04F79EFBC}") = "Microsoft.MixedReality.Toolkit.Services.DiagnosticsSystem", "Microsoft.MixedReality.Toolkit.Services.DiagnosticsSystem.csproj", "{06996E9A-A695-92BB-3016-04DEE225F729}"
EndProject
Project("{FAE04EC0-301F-11D3-BF4B-00C04F79EFBC}") = "Microsoft.MixedReality.Toolkit.Demos.InspectorFields", "Microsoft.MixedReality.Toolkit.Demos.InspectorFields.csproj", "{0B6DDE52-5216-40C6-CE34-857F4D691B98}"
EndProject
Project("{FAE04EC0-301F-11D3-BF4B-00C04F79EFBC}") = "Microsoft.MixedReality.Toolkit.Async", "Microsoft.MixedReality.Toolkit.Async.csproj", "{F116E8C9-727E-8993-7300-1DE74762F7E4}"
EndProject
Project("{FAE04EC0-301F-11D3-BF4B-00C04F79EFBC}") = "Microsoft.MixedReality.Toolkit.Providers.WindowsMixedReality", "Microsoft.MixedReality.Toolkit.Providers.WindowsMixedReality.csproj", "{33E2C208-6FA3-A139-EE1F-E6B0A3FB6EF6}"
EndProject
Project("{FAE04EC0-301F-11D3-BF4B-00C04F79EFBC}") = "Assembly-CSharp", "Assembly-CSharp.csproj", "{53DA1F8A-0801-464B-6AF3-C8B51E35CB02}"
EndProject
Project("{FAE04EC0-301F-11D3-BF4B-00C04F79EFBC}") = "Microsoft.MixedReality.Toolkit.Demos.Gltf", "Microsoft.MixedReality.Toolkit.Demos.Gltf.csproj", "{B7F28768-3821-2244-1FAE-3584C207B357}"
EndProject
Project("{FAE04EC0-301F-11D3-BF4B-00C04F79EFBC}") = "Microsoft.MixedReality.Toolkit.Demos.UX.Interactables", "Microsoft.MixedReality.Toolkit.Demos.UX.Interactables.csproj", "{01732E80-1DE4-AA15-BF99-4B64E2D0D3C7}"
EndProject
Project("{FAE04EC0-301F-11D3-BF4B-00C04F79EFBC}") = "Microsoft.MixedReality.Toolkit.Providers.WindowsMixedReality.Shared", "Microsoft.MixedReality.Toolkit.Providers.WindowsMixedReality.Shared.csproj", "{CDEF02F8-D8B9-4D5A-1561-F43ACD6A660B}"
EndProject
Project("{FAE04EC0-301F-11D3-BF4B-00C04F79EFBC}") = "Microsoft.MixedReality.Toolkit.Services.TeleportSystem", "Microsoft.MixedReality.Toolkit.Services.TeleportSystem.csproj", "{12C01167-79F7-8CBC-796C-A1FDBFB2BA87}"
EndProject
Project("{FAE04EC0-301F-11D3-BF4B-00C04F79EFBC}") = "Microsoft.MixedReality.Toolkit.Providers.XRSDK", "Microsoft.MixedReality.Toolkit.Providers.XRSDK.csproj", "{F290CC06-CD33-D921-81F9-CBF159CF5365}"
EndProject
Project("{FAE04EC0-301F-11D3-BF4B-00C04F79EFBC}") = "Microsoft.MixedReality.Toolkit.Services.CameraSystem", "Microsoft.MixedReality.Toolkit.Services.CameraSystem.csproj", "{A8E0373B-9DFF-23D1-0380-5BD10BD48392}"
EndProject
Project("{FAE04EC0-301F-11D3-BF4B-00C04F79EFBC}") = "Microsoft.MixedReality.Toolkit.Services.BoundarySystem", "Microsoft.MixedReality.Toolkit.Services.BoundarySystem.csproj", "{9F1F8E75-603E-2EC9-E912-A841EDA54BC5}"
EndProject
Project("{FAE04EC0-301F-11D3-BF4B-00C04F79EFBC}") = "Microsoft.MixedReality.Toolkit.SDK.Inspectors", "Microsoft.MixedReality.Toolkit.SDK.Inspectors.csproj", "{77291D8B-B705-E868-E221-0897917C78C7}"
EndProject
Project("{FAE04EC0-301F-11D3-BF4B-00C04F79EFBC}") = "Microsoft.MixedReality.Toolkit.Editor.Inspectors", "Microsoft.MixedReality.Toolkit.Editor.Inspectors.csproj", "{61774FFC-EFFE-4E58-0B5C-1C0957A7B5CC}"
EndProject
Project("{FAE04EC0-301F-11D3-BF4B-00C04F79EFBC}") = "Microsoft.MixedReality.Toolkit.Editor.ServiceInspectors", "Microsoft.MixedReality.Toolkit.Editor.ServiceInspectors.csproj", "{63F0E44D-89F7-42A6-55BD-6181281123ED}"
EndProject
Project("{FAE04EC0-301F-11D3-BF4B-00C04F79EFBC}") = "Microsoft.MixedReality.Toolkit.SDK.Experimental.Inspectors", "Microsoft.MixedReality.Toolkit.SDK.Experimental.Inspectors.csproj", "{6034A85D-F430-9FBA-60AE-1033F6247E92}"
EndProject
Project("{FAE04EC0-301F-11D3-BF4B-00C04F79EFBC}") = "Microsoft.MixedReality.Toolkit.Providers.XRSDK.WindowsMixedReality.Editor", "Microsoft.MixedReality.Toolkit.Providers.XRSDK.WindowsMixedReality.Editor.csproj", "{9B779019-69C7-9034-7A2E-28FA525CB38D}"
EndProject
Project("{FAE04EC0-301F-11D3-BF4B-00C04F79EFBC}") = "Microsoft.MixedReality.Toolkit.Demos.InspectorFields.Inspectors", "Microsoft.MixedReality.Toolkit.Demos.InspectorFields.Inspectors.csproj", "{FB4C6DFF-AE08-50E3-96A2-807253876E7B}"
EndProject
Project("{FAE04EC0-301F-11D3-BF4B-00C04F79EFBC}") = "Microsoft.MixedReality.Toolkit.Editor.Utilities", "Microsoft.MixedReality.Toolkit.Editor.Utilities.csproj", "{620001FD-94FB-B246-D49A-522565175478}"
EndProject
Project("{FAE04EC0-301F-11D3-BF4B-00C04F79EFBC}") = "Microsoft.MixedReality.Toolkit.Demos.StandardShader.Inspectors", "Microsoft.MixedReality.Toolkit.Demos.StandardShader.Inspectors.csproj", "{60B84C73-D311-4657-A1BB-EC00B0141BB1}"
EndProject
Project("{FAE04EC0-301F-11D3-BF4B-00C04F79EFBC}") = "Microsoft.MixedReality.Toolkit.Providers.ObjectMeshObserver", "Microsoft.MixedReality.Toolkit.Providers.ObjectMeshObserver.csproj", "{3AEBF5A2-9526-53CF-1CB8-C6FA7B67EAB0}"
EndProject
Project("{FAE04EC0-301F-11D3-BF4B-00C04F79EFBC}") = "Microsoft.MixedReality.Toolkit.Editor.ClassExtensions", "Microsoft.MixedReality.Toolkit.Editor.ClassExtensions.csproj", "{43D5DA47-AA8A-E42F-551A-136FAB84CFCA}"
EndProject
Project("{FAE04EC0-301F-11D3-BF4B-00C04F79EFBC}") = "Microsoft.MixedReality.Toolkit.Gltf.Importers", "Microsoft.MixedReality.Toolkit.Gltf.Importers.csproj", "{139FE697-5C49-D047-D144-6752F45BC410}"
EndProject
Project("{FAE04EC0-301F-11D3-BF4B-00C04F79EFBC}") = "Microsoft.MixedReality.Toolkit.Providers.WindowsMixedReality.ConfigCheck", "Microsoft.MixedReality.Toolkit.Providers.WindowsMixedReality.ConfigCheck.csproj", "{B6357DAA-96A0-7CF0-2CC0-AB9C1DCB3231}"
EndProject
Project("{FAE04EC0-301F-11D3-BF4B-00C04F79EFBC}") = "Microsoft.MixedReality.Toolkit.Services.InputSimulation.Editor", "Microsoft.MixedReality.Toolkit.Services.InputSimulation.Editor.csproj", "{7B2B3B23-8CC7-5135-4459-C18304ADA35D}"
EndProject
Project("{FAE04EC0-301F-11D3-BF4B-00C04F79EFBC}") = "Microsoft.MixedReality.Toolkit.Editor.BuildAndDeploy", "Microsoft.MixedReality.Toolkit.Editor.BuildAndDeploy.csproj", "{221DB8D3-B63C-24B3-BD40-4EA1C8F1695D}"
EndProject
Project("{FAE04EC0-301F-11D3-BF4B-00C04F79EFBC}") = "Microsoft.MixedReality.Toolkit.Demos.Gltf.Inspectors", "Microsoft.MixedReality.Toolkit.Demos.Gltf.Inspectors.csproj", "{3E951513-DAF9-627D-EC11-6A38CFA8F7F0}"
EndProject
Project("{FAE04EC0-301F-11D3-BF4B-00C04F79EFBC}") = "Microsoft.MixedReality.Toolkit.Examples.Editor.Inspectors", "Microsoft.MixedReality.Toolkit.Examples.Editor.Inspectors.csproj", "{9552A940-F267-91F8-5D22-0A7CD4CEC8C7}"
EndProject
Project("{FAE04EC0-301F-11D3-BF4B-00C04F79EFBC}") = "Microsoft.MixedReality.Toolkit.Providers.UnityAR.ConfigCheck", "Microsoft.MixedReality.Toolkit.Providers.UnityAR.ConfigCheck.csproj", "{2B28900D-5AE6-7559-6180-CEC58562B04D}"
EndProject
Project("{FAE04EC0-301F-11D3-BF4B-00C04F79EFBC}") = "Microsoft.MixedReality.Toolkit.Providers.XRSDK.ConfigCheck", "Microsoft.MixedReality.Toolkit.Providers.XRSDK.ConfigCheck.csproj", "{0AEC3838-086B-A0BD-C42C-24479E1F75D3}"
EndProject
Project("{FAE04EC0-301F-11D3-BF4B-00C04F79EFBC}") = "Microsoft.MixedReality.Toolkit.Providers.UnityAR.Editor", "Microsoft.MixedReality.Toolkit.Providers.UnityAR.Editor.csproj", "{A6DD966E-A124-9676-74D8-939E486530A9}"
EndProject
Project("{FAE04EC0-301F-11D3-BF4B-00C04F79EFBC}") = "Assembly-CSharp-Editor", "Assembly-CSharp-Editor.csproj", "{43E1AA6A-1636-AFA3-7F04-8F901958E8BF}"
EndProject
Project("{FAE04EC0-301F-11D3-BF4B-00C04F79EFBC}") = "Microsoft.MixedReality.Toolkit.Providers.WindowsMixedReality.Editor", "Microsoft.MixedReality.Toolkit.Providers.WindowsMixedReality.Editor.csproj", "{5F2D4309-C339-1057-FBDA-59A03B16656A}"
EndProject
Project("{FAE04EC0-301F-11D3-BF4B-00C04F79EFBC}") = "Microsoft.MixedReality.Toolkit.Services.InputSystem.Editor", "Microsoft.MixedReality.Toolkit.Services.InputSystem.Editor.csproj", "{C4DA7F8B-222A-FFE7-9709-830BF7387042}"
EndProject
Project("{FAE04EC0-301F-11D3-BF4B-00C04F79EFBC}") = "UnityEngine.TestRunner.Player", "UnityEngine.TestRunner.Player.csproj", "{1A07A8E2-5EDE-E4EF-802A-AD0DA0AE7FDC}"
EndProject
Project("{FAE04EC0-301F-11D3-BF4B-00C04F79EFBC}") = "Unity.Postprocessing.Runtime.Player", "Unity.Postprocessing.Runtime.Player.csproj", "{578BF3D7-8846-A883-F5C6-DC5F7B5A8ECD}"
EndProject
Project("{FAE04EC0-301F-11D3-BF4B-00C04F79EFBC}") = "Microsoft.MixedReality.Toolkit.SDK.Player", "Microsoft.MixedReality.Toolkit.SDK.Player.csproj", "{FA40D93A-B4D6-5DA4-B3F9-AC0806F81B6E}"
EndProject
Project("{FAE04EC0-301F-11D3-BF4B-00C04F79EFBC}") = "Microsoft.MixedReality.Toolkit.Examples.Player", "Microsoft.MixedReality.Toolkit.Examples.Player.csproj", "{A623711C-640F-9A68-A4CA-8884FBF97C49}"
EndProject
Project("{FAE04EC0-301F-11D3-BF4B-00C04F79EFBC}") = "Microsoft.MixedReality.Toolkit.Player", "Microsoft.MixedReality.Toolkit.Player.csproj", "{38EA97E3-25BD-53CC-1BF8-C2AA45AEFAD0}"
EndProject
Project("{FAE04EC0-301F-11D3-BF4B-00C04F79EFBC}") = "Microsoft.MixedReality.Toolkit.Services.SpatialAwarenessSystem.Player", "Microsoft.MixedReality.Toolkit.Services.SpatialAwarenessSystem.Player.csproj", "{C70B59DA-D9DA-A438-461D-CF1C5BEF2B25}"
EndProject
Project("{FAE04EC0-301F-11D3-BF4B-00C04F79EFBC}") = "Unity.TextMeshPro.Player", "Unity.TextMeshPro.Player.csproj", "{DE5EA8CF-715D-130B-0A26-E89E6298350F}"
EndProject
Project("{FAE04EC0-301F-11D3-BF4B-00C04F79EFBC}") = "Unity.Timeline.Player", "Unity.Timeline.Player.csproj", "{E22AE98F-5484-8010-6832-BEDD1279ECCF}"
EndProject
Project("{FAE04EC0-301F-11D3-BF4B-00C04F79EFBC}") = "Microsoft.MixedReality.Toolkit.Gltf.Player", "Microsoft.MixedReality.Toolkit.Gltf.Player.csproj", "{295E5A51-9D6A-A0A0-4027-ACAC10C969EA}"
EndProject
Project("{FAE04EC0-301F-11D3-BF4B-00C04F79EFBC}") = "Microsoft.MixedReality.Toolkit.Services.SceneSystem.Player", "Microsoft.MixedReality.Toolkit.Services.SceneSystem.Player.csproj", "{457C1547-A207-9234-EB8F-EF631FD3F7A0}"
EndProject
Project("{FAE04EC0-301F-11D3-BF4B-00C04F79EFBC}") = "Microsoft.MixedReality.Toolkit.Services.InputSystem.Player", "Microsoft.MixedReality.Toolkit.Services.InputSystem.Player.csproj", "{D84D78B0-1070-AD12-6A44-5BEB7C92BB0B}"
EndProject
Project("{FAE04EC0-301F-11D3-BF4B-00C04F79EFBC}") = "Microsoft.MixedReality.Toolkit.Providers.XRSDK.WindowsMixedReality.Player", "Microsoft.MixedReality.Toolkit.Providers.XRSDK.WindowsMixedReality.Player.csproj", "{4DB9FC38-1E34-4C9E-1601-6453C0F0E359}"
EndProject
Project("{FAE04EC0-301F-11D3-BF4B-00C04F79EFBC}") = "Microsoft.MixedReality.Toolkit.Services.InputSimulation.Player", "Microsoft.MixedReality.Toolkit.Services.InputSimulation.Player.csproj", "{481D8EFC-4932-3AB2-9C00-D70A1BC8D6EE}"
EndProject
Project("{FAE04EC0-301F-11D3-BF4B-00C04F79EFBC}") = "Microsoft.MixedReality.Toolkit.Services.InputAnimation.Player", "Microsoft.MixedReality.Toolkit.Services.InputAnimation.Player.csproj", "{62E26AE2-3DED-9CA8-40BF-88D33565DD94}"
EndProject
Project("{FAE04EC0-301F-11D3-BF4B-00C04F79EFBC}") = "Microsoft.MixedReality.Toolkit.Providers.WindowsVoiceInput.Player", "Microsoft.MixedReality.Toolkit.Providers.WindowsVoiceInput.Player.csproj", "{C00B19A4-CC10-9A73-49E5-48D9C03454BB}"
EndProject
Project("{FAE04EC0-301F-11D3-BF4B-00C04F79EFBC}") = "Unity.XR.WindowsMR.Player", "Unity.XR.WindowsMR.Player.csproj", "{88B66489-5B0F-DA11-C2AE-37F36AB693B9}"
EndProject
Project("{FAE04EC0-301F-11D3-BF4B-00C04F79EFBC}") = "Microsoft.MixedReality.Toolkit.Services.DiagnosticsSystem.Player", "Microsoft.MixedReality.Toolkit.Services.DiagnosticsSystem.Player.csproj", "{0D1D42D1-A38C-6290-B69E-33F9AFD6F9AA}"
EndProject
Project("{FAE04EC0-301F-11D3-BF4B-00C04F79EFBC}") = "Microsoft.MixedReality.Toolkit.Demos.InspectorFields.Player", "Microsoft.MixedReality.Toolkit.Demos.InspectorFields.Player.csproj", "{696F4656-5CE1-E43C-CA9A-A462437E46DD}"
EndProject
Project("{FAE04EC0-301F-11D3-BF4B-00C04F79EFBC}") = "Microsoft.MixedReality.Toolkit.Async.Player", "Microsoft.MixedReality.Toolkit.Async.Player.csproj", "{85706B04-0D89-62DD-BD6D-EFDECBC79C24}"
EndProject
Project("{FAE04EC0-301F-11D3-BF4B-00C04F79EFBC}") = "Microsoft.MixedReality.Toolkit.Providers.WindowsMixedReality.Player", "Microsoft.MixedReality.Toolkit.Providers.WindowsMixedReality.Player.csproj", "{99D19C66-AAB2-E4A0-02B0-0BAAB79B9B90}"
EndProject
Project("{FAE04EC0-301F-11D3-BF4B-00C04F79EFBC}") = "Assembly-CSharp.Player", "Assembly-CSharp.Player.csproj", "{9518F79F-9CB2-8AE7-B32A-EB5886DD74D6}"
EndProject
Project("{FAE04EC0-301F-11D3-BF4B-00C04F79EFBC}") = "Microsoft.MixedReality.Toolkit.Demos.Gltf.Player", "Microsoft.MixedReality.Toolkit.Demos.Gltf.Player.csproj", "{3366FDFE-0A9D-1D8A-F050-605C47AD34D5}"
EndProject
Project("{FAE04EC0-301F-11D3-BF4B-00C04F79EFBC}") = "Microsoft.MixedReality.Toolkit.Demos.UX.Interactables.Player", "Microsoft.MixedReality.Toolkit.Demos.UX.Interactables.Player.csproj", "{CE55904E-D5CC-1E8C-6B85-7DE356FA6509}"
EndProject
Project("{FAE04EC0-301F-11D3-BF4B-00C04F79EFBC}") = "Microsoft.MixedReality.Toolkit.Providers.WindowsMixedReality.Shared.Player", "Microsoft.MixedReality.Toolkit.Providers.WindowsMixedReality.Shared.Player.csproj", "{7CFAE3D4-75A7-4400-5964-3BBEDB586EEE}"
EndProject
Project("{FAE04EC0-301F-11D3-BF4B-00C04F79EFBC}") = "Microsoft.MixedReality.Toolkit.Services.TeleportSystem.Player", "Microsoft.MixedReality.Toolkit.Services.TeleportSystem.Player.csproj", "{B2506E3F-2481-40E6-E623-DA7C6DB7C98B}"
EndProject
Project("{FAE04EC0-301F-11D3-BF4B-00C04F79EFBC}") = "Microsoft.MixedReality.Toolkit.Providers.XRSDK.Player", "Microsoft.MixedReality.Toolkit.Providers.XRSDK.Player.csproj", "{49B161FC-22EB-3E35-ED01-292C48FE6C59}"
EndProject
Project("{FAE04EC0-301F-11D3-BF4B-00C04F79EFBC}") = "Microsoft.MixedReality.Toolkit.Services.CameraSystem.Player", "Microsoft.MixedReality.Toolkit.Services.CameraSystem.Player.csproj", "{846C554A-DF54-379A-6E6E-0A36014C6C00}"
EndProject
Project("{FAE04EC0-301F-11D3-BF4B-00C04F79EFBC}") = "Microsoft.MixedReality.Toolkit.Services.BoundarySystem.Player", "Microsoft.MixedReality.Toolkit.Services.BoundarySystem.Player.csproj", "{B634ADFB-5118-CDA9-5097-ECB335CE5CAB}"
EndProject
Global
	GlobalSection(SolutionConfigurationPlatforms) = preSolution
		Debug|Any CPU = Debug|Any CPU
		Release|Any CPU = Release|Any CPU
	EndGlobalSection
	GlobalSection(ProjectConfigurationPlatforms) = postSolution
		{DDC4564B-B5DA-1A62-4661-4F056B39A6CC}.Debug|Any CPU.ActiveCfg = Debug|Any CPU
		{DDC4564B-B5DA-1A62-4661-4F056B39A6CC}.Debug|Any CPU.Build.0 = Debug|Any CPU
		{DDC4564B-B5DA-1A62-4661-4F056B39A6CC}.Release|Any CPU.ActiveCfg = Release|Any CPU
		{DDC4564B-B5DA-1A62-4661-4F056B39A6CC}.Release|Any CPU.Build.0 = Release|Any CPU
		{BC7571A2-ED70-8837-9803-1BE30E148A5A}.Debug|Any CPU.ActiveCfg = Debug|Any CPU
		{BC7571A2-ED70-8837-9803-1BE30E148A5A}.Debug|Any CPU.Build.0 = Debug|Any CPU
		{BC7571A2-ED70-8837-9803-1BE30E148A5A}.Release|Any CPU.ActiveCfg = Release|Any CPU
		{BC7571A2-ED70-8837-9803-1BE30E148A5A}.Release|Any CPU.Build.0 = Release|Any CPU
		{9AB909E5-BEDD-596F-A566-41E09BD131BD}.Debug|Any CPU.ActiveCfg = Debug|Any CPU
		{9AB909E5-BEDD-596F-A566-41E09BD131BD}.Debug|Any CPU.Build.0 = Debug|Any CPU
		{9AB909E5-BEDD-596F-A566-41E09BD131BD}.Release|Any CPU.ActiveCfg = Release|Any CPU
		{9AB909E5-BEDD-596F-A566-41E09BD131BD}.Release|Any CPU.Build.0 = Release|Any CPU
		{4E083D42-F796-D5DC-324B-CC73FC7BEDEA}.Debug|Any CPU.ActiveCfg = Debug|Any CPU
		{4E083D42-F796-D5DC-324B-CC73FC7BEDEA}.Debug|Any CPU.Build.0 = Debug|Any CPU
		{4E083D42-F796-D5DC-324B-CC73FC7BEDEA}.Release|Any CPU.ActiveCfg = Release|Any CPU
		{4E083D42-F796-D5DC-324B-CC73FC7BEDEA}.Release|Any CPU.Build.0 = Release|Any CPU
		{EBD4F8B5-C271-3DF9-3388-8DE8DFC5B63F}.Debug|Any CPU.ActiveCfg = Debug|Any CPU
		{EBD4F8B5-C271-3DF9-3388-8DE8DFC5B63F}.Debug|Any CPU.Build.0 = Debug|Any CPU
		{EBD4F8B5-C271-3DF9-3388-8DE8DFC5B63F}.Release|Any CPU.ActiveCfg = Release|Any CPU
		{EBD4F8B5-C271-3DF9-3388-8DE8DFC5B63F}.Release|Any CPU.Build.0 = Release|Any CPU
		{95616082-B30F-D685-1E67-94572F41364F}.Debug|Any CPU.ActiveCfg = Debug|Any CPU
		{95616082-B30F-D685-1E67-94572F41364F}.Debug|Any CPU.Build.0 = Debug|Any CPU
		{95616082-B30F-D685-1E67-94572F41364F}.Release|Any CPU.ActiveCfg = Release|Any CPU
		{95616082-B30F-D685-1E67-94572F41364F}.Release|Any CPU.Build.0 = Release|Any CPU
		{07BB6BFB-8E12-90CF-8498-FAC01839C901}.Debug|Any CPU.ActiveCfg = Debug|Any CPU
		{07BB6BFB-8E12-90CF-8498-FAC01839C901}.Debug|Any CPU.Build.0 = Debug|Any CPU
		{07BB6BFB-8E12-90CF-8498-FAC01839C901}.Release|Any CPU.ActiveCfg = Release|Any CPU
		{07BB6BFB-8E12-90CF-8498-FAC01839C901}.Release|Any CPU.Build.0 = Release|Any CPU
		{CE78FEA7-B8FA-3AE6-DECD-568D28D37D64}.Debug|Any CPU.ActiveCfg = Debug|Any CPU
		{CE78FEA7-B8FA-3AE6-DECD-568D28D37D64}.Debug|Any CPU.Build.0 = Debug|Any CPU
		{CE78FEA7-B8FA-3AE6-DECD-568D28D37D64}.Release|Any CPU.ActiveCfg = Release|Any CPU
		{CE78FEA7-B8FA-3AE6-DECD-568D28D37D64}.Release|Any CPU.Build.0 = Release|Any CPU
		{E5F947E4-A92F-3C23-E33C-E803122B4CD8}.Debug|Any CPU.ActiveCfg = Debug|Any CPU
		{E5F947E4-A92F-3C23-E33C-E803122B4CD8}.Debug|Any CPU.Build.0 = Debug|Any CPU
		{E5F947E4-A92F-3C23-E33C-E803122B4CD8}.Release|Any CPU.ActiveCfg = Release|Any CPU
		{E5F947E4-A92F-3C23-E33C-E803122B4CD8}.Release|Any CPU.Build.0 = Release|Any CPU
		{220F5E32-5F9A-4369-4D1C-00EA7BB43E28}.Debug|Any CPU.ActiveCfg = Debug|Any CPU
		{220F5E32-5F9A-4369-4D1C-00EA7BB43E28}.Debug|Any CPU.Build.0 = Debug|Any CPU
		{220F5E32-5F9A-4369-4D1C-00EA7BB43E28}.Release|Any CPU.ActiveCfg = Release|Any CPU
		{220F5E32-5F9A-4369-4D1C-00EA7BB43E28}.Release|Any CPU.Build.0 = Release|Any CPU
		{54331562-AFE6-B38E-345D-6309F3593CEF}.Debug|Any CPU.ActiveCfg = Debug|Any CPU
		{54331562-AFE6-B38E-345D-6309F3593CEF}.Debug|Any CPU.Build.0 = Debug|Any CPU
		{54331562-AFE6-B38E-345D-6309F3593CEF}.Release|Any CPU.ActiveCfg = Release|Any CPU
		{54331562-AFE6-B38E-345D-6309F3593CEF}.Release|Any CPU.Build.0 = Release|Any CPU
		{61B32C84-621C-9542-2FB5-97CC10F09416}.Debug|Any CPU.ActiveCfg = Debug|Any CPU
		{61B32C84-621C-9542-2FB5-97CC10F09416}.Debug|Any CPU.Build.0 = Debug|Any CPU
		{61B32C84-621C-9542-2FB5-97CC10F09416}.Release|Any CPU.ActiveCfg = Release|Any CPU
		{61B32C84-621C-9542-2FB5-97CC10F09416}.Release|Any CPU.Build.0 = Release|Any CPU
		{A80B93F2-2FD2-4E6E-0F66-0DEACDB3E1B2}.Debug|Any CPU.ActiveCfg = Debug|Any CPU
		{A80B93F2-2FD2-4E6E-0F66-0DEACDB3E1B2}.Debug|Any CPU.Build.0 = Debug|Any CPU
		{A80B93F2-2FD2-4E6E-0F66-0DEACDB3E1B2}.Release|Any CPU.ActiveCfg = Release|Any CPU
		{A80B93F2-2FD2-4E6E-0F66-0DEACDB3E1B2}.Release|Any CPU.Build.0 = Release|Any CPU
		{06996E9A-A695-92BB-3016-04DEE225F729}.Debug|Any CPU.ActiveCfg = Debug|Any CPU
		{06996E9A-A695-92BB-3016-04DEE225F729}.Debug|Any CPU.Build.0 = Debug|Any CPU
		{06996E9A-A695-92BB-3016-04DEE225F729}.Release|Any CPU.ActiveCfg = Release|Any CPU
		{06996E9A-A695-92BB-3016-04DEE225F729}.Release|Any CPU.Build.0 = Release|Any CPU
		{0B6DDE52-5216-40C6-CE34-857F4D691B98}.Debug|Any CPU.ActiveCfg = Debug|Any CPU
		{0B6DDE52-5216-40C6-CE34-857F4D691B98}.Debug|Any CPU.Build.0 = Debug|Any CPU
		{0B6DDE52-5216-40C6-CE34-857F4D691B98}.Release|Any CPU.ActiveCfg = Release|Any CPU
		{0B6DDE52-5216-40C6-CE34-857F4D691B98}.Release|Any CPU.Build.0 = Release|Any CPU
		{F116E8C9-727E-8993-7300-1DE74762F7E4}.Debug|Any CPU.ActiveCfg = Debug|Any CPU
		{F116E8C9-727E-8993-7300-1DE74762F7E4}.Debug|Any CPU.Build.0 = Debug|Any CPU
		{F116E8C9-727E-8993-7300-1DE74762F7E4}.Release|Any CPU.ActiveCfg = Release|Any CPU
		{F116E8C9-727E-8993-7300-1DE74762F7E4}.Release|Any CPU.Build.0 = Release|Any CPU
		{33E2C208-6FA3-A139-EE1F-E6B0A3FB6EF6}.Debug|Any CPU.ActiveCfg = Debug|Any CPU
		{33E2C208-6FA3-A139-EE1F-E6B0A3FB6EF6}.Debug|Any CPU.Build.0 = Debug|Any CPU
		{33E2C208-6FA3-A139-EE1F-E6B0A3FB6EF6}.Release|Any CPU.ActiveCfg = Release|Any CPU
		{33E2C208-6FA3-A139-EE1F-E6B0A3FB6EF6}.Release|Any CPU.Build.0 = Release|Any CPU
		{53DA1F8A-0801-464B-6AF3-C8B51E35CB02}.Debug|Any CPU.ActiveCfg = Debug|Any CPU
		{53DA1F8A-0801-464B-6AF3-C8B51E35CB02}.Debug|Any CPU.Build.0 = Debug|Any CPU
		{53DA1F8A-0801-464B-6AF3-C8B51E35CB02}.Release|Any CPU.ActiveCfg = Release|Any CPU
		{53DA1F8A-0801-464B-6AF3-C8B51E35CB02}.Release|Any CPU.Build.0 = Release|Any CPU
		{B7F28768-3821-2244-1FAE-3584C207B357}.Debug|Any CPU.ActiveCfg = Debug|Any CPU
		{B7F28768-3821-2244-1FAE-3584C207B357}.Debug|Any CPU.Build.0 = Debug|Any CPU
		{B7F28768-3821-2244-1FAE-3584C207B357}.Release|Any CPU.ActiveCfg = Release|Any CPU
		{B7F28768-3821-2244-1FAE-3584C207B357}.Release|Any CPU.Build.0 = Release|Any CPU
		{01732E80-1DE4-AA15-BF99-4B64E2D0D3C7}.Debug|Any CPU.ActiveCfg = Debug|Any CPU
		{01732E80-1DE4-AA15-BF99-4B64E2D0D3C7}.Debug|Any CPU.Build.0 = Debug|Any CPU
		{01732E80-1DE4-AA15-BF99-4B64E2D0D3C7}.Release|Any CPU.ActiveCfg = Release|Any CPU
		{01732E80-1DE4-AA15-BF99-4B64E2D0D3C7}.Release|Any CPU.Build.0 = Release|Any CPU
		{CDEF02F8-D8B9-4D5A-1561-F43ACD6A660B}.Debug|Any CPU.ActiveCfg = Debug|Any CPU
		{CDEF02F8-D8B9-4D5A-1561-F43ACD6A660B}.Debug|Any CPU.Build.0 = Debug|Any CPU
		{CDEF02F8-D8B9-4D5A-1561-F43ACD6A660B}.Release|Any CPU.ActiveCfg = Release|Any CPU
		{CDEF02F8-D8B9-4D5A-1561-F43ACD6A660B}.Release|Any CPU.Build.0 = Release|Any CPU
		{12C01167-79F7-8CBC-796C-A1FDBFB2BA87}.Debug|Any CPU.ActiveCfg = Debug|Any CPU
		{12C01167-79F7-8CBC-796C-A1FDBFB2BA87}.Debug|Any CPU.Build.0 = Debug|Any CPU
		{12C01167-79F7-8CBC-796C-A1FDBFB2BA87}.Release|Any CPU.ActiveCfg = Release|Any CPU
		{12C01167-79F7-8CBC-796C-A1FDBFB2BA87}.Release|Any CPU.Build.0 = Release|Any CPU
		{F290CC06-CD33-D921-81F9-CBF159CF5365}.Debug|Any CPU.ActiveCfg = Debug|Any CPU
		{F290CC06-CD33-D921-81F9-CBF159CF5365}.Debug|Any CPU.Build.0 = Debug|Any CPU
		{F290CC06-CD33-D921-81F9-CBF159CF5365}.Release|Any CPU.ActiveCfg = Release|Any CPU
		{F290CC06-CD33-D921-81F9-CBF159CF5365}.Release|Any CPU.Build.0 = Release|Any CPU
		{A8E0373B-9DFF-23D1-0380-5BD10BD48392}.Debug|Any CPU.ActiveCfg = Debug|Any CPU
		{A8E0373B-9DFF-23D1-0380-5BD10BD48392}.Debug|Any CPU.Build.0 = Debug|Any CPU
		{A8E0373B-9DFF-23D1-0380-5BD10BD48392}.Release|Any CPU.ActiveCfg = Release|Any CPU
		{A8E0373B-9DFF-23D1-0380-5BD10BD48392}.Release|Any CPU.Build.0 = Release|Any CPU
		{9F1F8E75-603E-2EC9-E912-A841EDA54BC5}.Debug|Any CPU.ActiveCfg = Debug|Any CPU
		{9F1F8E75-603E-2EC9-E912-A841EDA54BC5}.Debug|Any CPU.Build.0 = Debug|Any CPU
		{9F1F8E75-603E-2EC9-E912-A841EDA54BC5}.Release|Any CPU.ActiveCfg = Release|Any CPU
		{9F1F8E75-603E-2EC9-E912-A841EDA54BC5}.Release|Any CPU.Build.0 = Release|Any CPU
		{77291D8B-B705-E868-E221-0897917C78C7}.Debug|Any CPU.ActiveCfg = Debug|Any CPU
		{77291D8B-B705-E868-E221-0897917C78C7}.Debug|Any CPU.Build.0 = Debug|Any CPU
		{77291D8B-B705-E868-E221-0897917C78C7}.Release|Any CPU.ActiveCfg = Release|Any CPU
		{77291D8B-B705-E868-E221-0897917C78C7}.Release|Any CPU.Build.0 = Release|Any CPU
		{61774FFC-EFFE-4E58-0B5C-1C0957A7B5CC}.Debug|Any CPU.ActiveCfg = Debug|Any CPU
		{61774FFC-EFFE-4E58-0B5C-1C0957A7B5CC}.Debug|Any CPU.Build.0 = Debug|Any CPU
		{61774FFC-EFFE-4E58-0B5C-1C0957A7B5CC}.Release|Any CPU.ActiveCfg = Release|Any CPU
		{61774FFC-EFFE-4E58-0B5C-1C0957A7B5CC}.Release|Any CPU.Build.0 = Release|Any CPU
		{63F0E44D-89F7-42A6-55BD-6181281123ED}.Debug|Any CPU.ActiveCfg = Debug|Any CPU
		{63F0E44D-89F7-42A6-55BD-6181281123ED}.Debug|Any CPU.Build.0 = Debug|Any CPU
		{63F0E44D-89F7-42A6-55BD-6181281123ED}.Release|Any CPU.ActiveCfg = Release|Any CPU
		{63F0E44D-89F7-42A6-55BD-6181281123ED}.Release|Any CPU.Build.0 = Release|Any CPU
		{6034A85D-F430-9FBA-60AE-1033F6247E92}.Debug|Any CPU.ActiveCfg = Debug|Any CPU
		{6034A85D-F430-9FBA-60AE-1033F6247E92}.Debug|Any CPU.Build.0 = Debug|Any CPU
		{6034A85D-F430-9FBA-60AE-1033F6247E92}.Release|Any CPU.ActiveCfg = Release|Any CPU
		{6034A85D-F430-9FBA-60AE-1033F6247E92}.Release|Any CPU.Build.0 = Release|Any CPU
		{9B779019-69C7-9034-7A2E-28FA525CB38D}.Debug|Any CPU.ActiveCfg = Debug|Any CPU
		{9B779019-69C7-9034-7A2E-28FA525CB38D}.Debug|Any CPU.Build.0 = Debug|Any CPU
		{9B779019-69C7-9034-7A2E-28FA525CB38D}.Release|Any CPU.ActiveCfg = Release|Any CPU
		{9B779019-69C7-9034-7A2E-28FA525CB38D}.Release|Any CPU.Build.0 = Release|Any CPU
		{FB4C6DFF-AE08-50E3-96A2-807253876E7B}.Debug|Any CPU.ActiveCfg = Debug|Any CPU
		{FB4C6DFF-AE08-50E3-96A2-807253876E7B}.Debug|Any CPU.Build.0 = Debug|Any CPU
		{FB4C6DFF-AE08-50E3-96A2-807253876E7B}.Release|Any CPU.ActiveCfg = Release|Any CPU
		{FB4C6DFF-AE08-50E3-96A2-807253876E7B}.Release|Any CPU.Build.0 = Release|Any CPU
		{620001FD-94FB-B246-D49A-522565175478}.Debug|Any CPU.ActiveCfg = Debug|Any CPU
		{620001FD-94FB-B246-D49A-522565175478}.Debug|Any CPU.Build.0 = Debug|Any CPU
		{620001FD-94FB-B246-D49A-522565175478}.Release|Any CPU.ActiveCfg = Release|Any CPU
		{620001FD-94FB-B246-D49A-522565175478}.Release|Any CPU.Build.0 = Release|Any CPU
		{60B84C73-D311-4657-A1BB-EC00B0141BB1}.Debug|Any CPU.ActiveCfg = Debug|Any CPU
		{60B84C73-D311-4657-A1BB-EC00B0141BB1}.Debug|Any CPU.Build.0 = Debug|Any CPU
		{60B84C73-D311-4657-A1BB-EC00B0141BB1}.Release|Any CPU.ActiveCfg = Release|Any CPU
		{60B84C73-D311-4657-A1BB-EC00B0141BB1}.Release|Any CPU.Build.0 = Release|Any CPU
		{3AEBF5A2-9526-53CF-1CB8-C6FA7B67EAB0}.Debug|Any CPU.ActiveCfg = Debug|Any CPU
		{3AEBF5A2-9526-53CF-1CB8-C6FA7B67EAB0}.Debug|Any CPU.Build.0 = Debug|Any CPU
		{3AEBF5A2-9526-53CF-1CB8-C6FA7B67EAB0}.Release|Any CPU.ActiveCfg = Release|Any CPU
		{3AEBF5A2-9526-53CF-1CB8-C6FA7B67EAB0}.Release|Any CPU.Build.0 = Release|Any CPU
		{43D5DA47-AA8A-E42F-551A-136FAB84CFCA}.Debug|Any CPU.ActiveCfg = Debug|Any CPU
		{43D5DA47-AA8A-E42F-551A-136FAB84CFCA}.Debug|Any CPU.Build.0 = Debug|Any CPU
		{43D5DA47-AA8A-E42F-551A-136FAB84CFCA}.Release|Any CPU.ActiveCfg = Release|Any CPU
		{43D5DA47-AA8A-E42F-551A-136FAB84CFCA}.Release|Any CPU.Build.0 = Release|Any CPU
		{139FE697-5C49-D047-D144-6752F45BC410}.Debug|Any CPU.ActiveCfg = Debug|Any CPU
		{139FE697-5C49-D047-D144-6752F45BC410}.Debug|Any CPU.Build.0 = Debug|Any CPU
		{139FE697-5C49-D047-D144-6752F45BC410}.Release|Any CPU.ActiveCfg = Release|Any CPU
		{139FE697-5C49-D047-D144-6752F45BC410}.Release|Any CPU.Build.0 = Release|Any CPU
		{B6357DAA-96A0-7CF0-2CC0-AB9C1DCB3231}.Debug|Any CPU.ActiveCfg = Debug|Any CPU
		{B6357DAA-96A0-7CF0-2CC0-AB9C1DCB3231}.Debug|Any CPU.Build.0 = Debug|Any CPU
		{B6357DAA-96A0-7CF0-2CC0-AB9C1DCB3231}.Release|Any CPU.ActiveCfg = Release|Any CPU
		{B6357DAA-96A0-7CF0-2CC0-AB9C1DCB3231}.Release|Any CPU.Build.0 = Release|Any CPU
		{7B2B3B23-8CC7-5135-4459-C18304ADA35D}.Debug|Any CPU.ActiveCfg = Debug|Any CPU
		{7B2B3B23-8CC7-5135-4459-C18304ADA35D}.Debug|Any CPU.Build.0 = Debug|Any CPU
		{7B2B3B23-8CC7-5135-4459-C18304ADA35D}.Release|Any CPU.ActiveCfg = Release|Any CPU
		{7B2B3B23-8CC7-5135-4459-C18304ADA35D}.Release|Any CPU.Build.0 = Release|Any CPU
		{221DB8D3-B63C-24B3-BD40-4EA1C8F1695D}.Debug|Any CPU.ActiveCfg = Debug|Any CPU
		{221DB8D3-B63C-24B3-BD40-4EA1C8F1695D}.Debug|Any CPU.Build.0 = Debug|Any CPU
		{221DB8D3-B63C-24B3-BD40-4EA1C8F1695D}.Release|Any CPU.ActiveCfg = Release|Any CPU
		{221DB8D3-B63C-24B3-BD40-4EA1C8F1695D}.Release|Any CPU.Build.0 = Release|Any CPU
		{3E951513-DAF9-627D-EC11-6A38CFA8F7F0}.Debug|Any CPU.ActiveCfg = Debug|Any CPU
		{3E951513-DAF9-627D-EC11-6A38CFA8F7F0}.Debug|Any CPU.Build.0 = Debug|Any CPU
		{3E951513-DAF9-627D-EC11-6A38CFA8F7F0}.Release|Any CPU.ActiveCfg = Release|Any CPU
		{3E951513-DAF9-627D-EC11-6A38CFA8F7F0}.Release|Any CPU.Build.0 = Release|Any CPU
		{9552A940-F267-91F8-5D22-0A7CD4CEC8C7}.Debug|Any CPU.ActiveCfg = Debug|Any CPU
		{9552A940-F267-91F8-5D22-0A7CD4CEC8C7}.Debug|Any CPU.Build.0 = Debug|Any CPU
		{9552A940-F267-91F8-5D22-0A7CD4CEC8C7}.Release|Any CPU.ActiveCfg = Release|Any CPU
		{9552A940-F267-91F8-5D22-0A7CD4CEC8C7}.Release|Any CPU.Build.0 = Release|Any CPU
		{2B28900D-5AE6-7559-6180-CEC58562B04D}.Debug|Any CPU.ActiveCfg = Debug|Any CPU
		{2B28900D-5AE6-7559-6180-CEC58562B04D}.Debug|Any CPU.Build.0 = Debug|Any CPU
		{2B28900D-5AE6-7559-6180-CEC58562B04D}.Release|Any CPU.ActiveCfg = Release|Any CPU
		{2B28900D-5AE6-7559-6180-CEC58562B04D}.Release|Any CPU.Build.0 = Release|Any CPU
		{0AEC3838-086B-A0BD-C42C-24479E1F75D3}.Debug|Any CPU.ActiveCfg = Debug|Any CPU
		{0AEC3838-086B-A0BD-C42C-24479E1F75D3}.Debug|Any CPU.Build.0 = Debug|Any CPU
		{0AEC3838-086B-A0BD-C42C-24479E1F75D3}.Release|Any CPU.ActiveCfg = Release|Any CPU
		{0AEC3838-086B-A0BD-C42C-24479E1F75D3}.Release|Any CPU.Build.0 = Release|Any CPU
		{A6DD966E-A124-9676-74D8-939E486530A9}.Debug|Any CPU.ActiveCfg = Debug|Any CPU
		{A6DD966E-A124-9676-74D8-939E486530A9}.Debug|Any CPU.Build.0 = Debug|Any CPU
		{A6DD966E-A124-9676-74D8-939E486530A9}.Release|Any CPU.ActiveCfg = Release|Any CPU
		{A6DD966E-A124-9676-74D8-939E486530A9}.Release|Any CPU.Build.0 = Release|Any CPU
		{43E1AA6A-1636-AFA3-7F04-8F901958E8BF}.Debug|Any CPU.ActiveCfg = Debug|Any CPU
		{43E1AA6A-1636-AFA3-7F04-8F901958E8BF}.Debug|Any CPU.Build.0 = Debug|Any CPU
		{43E1AA6A-1636-AFA3-7F04-8F901958E8BF}.Release|Any CPU.ActiveCfg = Release|Any CPU
		{43E1AA6A-1636-AFA3-7F04-8F901958E8BF}.Release|Any CPU.Build.0 = Release|Any CPU
		{5F2D4309-C339-1057-FBDA-59A03B16656A}.Debug|Any CPU.ActiveCfg = Debug|Any CPU
		{5F2D4309-C339-1057-FBDA-59A03B16656A}.Debug|Any CPU.Build.0 = Debug|Any CPU
		{5F2D4309-C339-1057-FBDA-59A03B16656A}.Release|Any CPU.ActiveCfg = Release|Any CPU
		{5F2D4309-C339-1057-FBDA-59A03B16656A}.Release|Any CPU.Build.0 = Release|Any CPU
		{C4DA7F8B-222A-FFE7-9709-830BF7387042}.Debug|Any CPU.ActiveCfg = Debug|Any CPU
		{C4DA7F8B-222A-FFE7-9709-830BF7387042}.Debug|Any CPU.Build.0 = Debug|Any CPU
		{C4DA7F8B-222A-FFE7-9709-830BF7387042}.Release|Any CPU.ActiveCfg = Release|Any CPU
		{C4DA7F8B-222A-FFE7-9709-830BF7387042}.Release|Any CPU.Build.0 = Release|Any CPU
		{1A07A8E2-5EDE-E4EF-802A-AD0DA0AE7FDC}.Debug|Any CPU.ActiveCfg = Debug|Any CPU
		{1A07A8E2-5EDE-E4EF-802A-AD0DA0AE7FDC}.Debug|Any CPU.Build.0 = Debug|Any CPU
		{1A07A8E2-5EDE-E4EF-802A-AD0DA0AE7FDC}.Release|Any CPU.ActiveCfg = Release|Any CPU
		{1A07A8E2-5EDE-E4EF-802A-AD0DA0AE7FDC}.Release|Any CPU.Build.0 = Release|Any CPU
		{578BF3D7-8846-A883-F5C6-DC5F7B5A8ECD}.Debug|Any CPU.ActiveCfg = Debug|Any CPU
		{578BF3D7-8846-A883-F5C6-DC5F7B5A8ECD}.Debug|Any CPU.Build.0 = Debug|Any CPU
		{578BF3D7-8846-A883-F5C6-DC5F7B5A8ECD}.Release|Any CPU.ActiveCfg = Release|Any CPU
		{578BF3D7-8846-A883-F5C6-DC5F7B5A8ECD}.Release|Any CPU.Build.0 = Release|Any CPU
		{FA40D93A-B4D6-5DA4-B3F9-AC0806F81B6E}.Debug|Any CPU.ActiveCfg = Debug|Any CPU
		{FA40D93A-B4D6-5DA4-B3F9-AC0806F81B6E}.Debug|Any CPU.Build.0 = Debug|Any CPU
		{FA40D93A-B4D6-5DA4-B3F9-AC0806F81B6E}.Release|Any CPU.ActiveCfg = Release|Any CPU
		{FA40D93A-B4D6-5DA4-B3F9-AC0806F81B6E}.Release|Any CPU.Build.0 = Release|Any CPU
		{A623711C-640F-9A68-A4CA-8884FBF97C49}.Debug|Any CPU.ActiveCfg = Debug|Any CPU
		{A623711C-640F-9A68-A4CA-8884FBF97C49}.Debug|Any CPU.Build.0 = Debug|Any CPU
		{A623711C-640F-9A68-A4CA-8884FBF97C49}.Release|Any CPU.ActiveCfg = Release|Any CPU
		{A623711C-640F-9A68-A4CA-8884FBF97C49}.Release|Any CPU.Build.0 = Release|Any CPU
		{38EA97E3-25BD-53CC-1BF8-C2AA45AEFAD0}.Debug|Any CPU.ActiveCfg = Debug|Any CPU
		{38EA97E3-25BD-53CC-1BF8-C2AA45AEFAD0}.Debug|Any CPU.Build.0 = Debug|Any CPU
		{38EA97E3-25BD-53CC-1BF8-C2AA45AEFAD0}.Release|Any CPU.ActiveCfg = Release|Any CPU
		{38EA97E3-25BD-53CC-1BF8-C2AA45AEFAD0}.Release|Any CPU.Build.0 = Release|Any CPU
		{C70B59DA-D9DA-A438-461D-CF1C5BEF2B25}.Debug|Any CPU.ActiveCfg = Debug|Any CPU
		{C70B59DA-D9DA-A438-461D-CF1C5BEF2B25}.Debug|Any CPU.Build.0 = Debug|Any CPU
		{C70B59DA-D9DA-A438-461D-CF1C5BEF2B25}.Release|Any CPU.ActiveCfg = Release|Any CPU
		{C70B59DA-D9DA-A438-461D-CF1C5BEF2B25}.Release|Any CPU.Build.0 = Release|Any CPU
		{DE5EA8CF-715D-130B-0A26-E89E6298350F}.Debug|Any CPU.ActiveCfg = Debug|Any CPU
		{DE5EA8CF-715D-130B-0A26-E89E6298350F}.Debug|Any CPU.Build.0 = Debug|Any CPU
		{DE5EA8CF-715D-130B-0A26-E89E6298350F}.Release|Any CPU.ActiveCfg = Release|Any CPU
		{DE5EA8CF-715D-130B-0A26-E89E6298350F}.Release|Any CPU.Build.0 = Release|Any CPU
		{E22AE98F-5484-8010-6832-BEDD1279ECCF}.Debug|Any CPU.ActiveCfg = Debug|Any CPU
		{E22AE98F-5484-8010-6832-BEDD1279ECCF}.Debug|Any CPU.Build.0 = Debug|Any CPU
		{E22AE98F-5484-8010-6832-BEDD1279ECCF}.Release|Any CPU.ActiveCfg = Release|Any CPU
		{E22AE98F-5484-8010-6832-BEDD1279ECCF}.Release|Any CPU.Build.0 = Release|Any CPU
		{295E5A51-9D6A-A0A0-4027-ACAC10C969EA}.Debug|Any CPU.ActiveCfg = Debug|Any CPU
		{295E5A51-9D6A-A0A0-4027-ACAC10C969EA}.Debug|Any CPU.Build.0 = Debug|Any CPU
		{295E5A51-9D6A-A0A0-4027-ACAC10C969EA}.Release|Any CPU.ActiveCfg = Release|Any CPU
		{295E5A51-9D6A-A0A0-4027-ACAC10C969EA}.Release|Any CPU.Build.0 = Release|Any CPU
		{457C1547-A207-9234-EB8F-EF631FD3F7A0}.Debug|Any CPU.ActiveCfg = Debug|Any CPU
		{457C1547-A207-9234-EB8F-EF631FD3F7A0}.Debug|Any CPU.Build.0 = Debug|Any CPU
		{457C1547-A207-9234-EB8F-EF631FD3F7A0}.Release|Any CPU.ActiveCfg = Release|Any CPU
		{457C1547-A207-9234-EB8F-EF631FD3F7A0}.Release|Any CPU.Build.0 = Release|Any CPU
		{D84D78B0-1070-AD12-6A44-5BEB7C92BB0B}.Debug|Any CPU.ActiveCfg = Debug|Any CPU
		{D84D78B0-1070-AD12-6A44-5BEB7C92BB0B}.Debug|Any CPU.Build.0 = Debug|Any CPU
		{D84D78B0-1070-AD12-6A44-5BEB7C92BB0B}.Release|Any CPU.ActiveCfg = Release|Any CPU
		{D84D78B0-1070-AD12-6A44-5BEB7C92BB0B}.Release|Any CPU.Build.0 = Release|Any CPU
		{4DB9FC38-1E34-4C9E-1601-6453C0F0E359}.Debug|Any CPU.ActiveCfg = Debug|Any CPU
		{4DB9FC38-1E34-4C9E-1601-6453C0F0E359}.Debug|Any CPU.Build.0 = Debug|Any CPU
		{4DB9FC38-1E34-4C9E-1601-6453C0F0E359}.Release|Any CPU.ActiveCfg = Release|Any CPU
		{4DB9FC38-1E34-4C9E-1601-6453C0F0E359}.Release|Any CPU.Build.0 = Release|Any CPU
		{481D8EFC-4932-3AB2-9C00-D70A1BC8D6EE}.Debug|Any CPU.ActiveCfg = Debug|Any CPU
		{481D8EFC-4932-3AB2-9C00-D70A1BC8D6EE}.Debug|Any CPU.Build.0 = Debug|Any CPU
		{481D8EFC-4932-3AB2-9C00-D70A1BC8D6EE}.Release|Any CPU.ActiveCfg = Release|Any CPU
		{481D8EFC-4932-3AB2-9C00-D70A1BC8D6EE}.Release|Any CPU.Build.0 = Release|Any CPU
		{62E26AE2-3DED-9CA8-40BF-88D33565DD94}.Debug|Any CPU.ActiveCfg = Debug|Any CPU
		{62E26AE2-3DED-9CA8-40BF-88D33565DD94}.Debug|Any CPU.Build.0 = Debug|Any CPU
		{62E26AE2-3DED-9CA8-40BF-88D33565DD94}.Release|Any CPU.ActiveCfg = Release|Any CPU
		{62E26AE2-3DED-9CA8-40BF-88D33565DD94}.Release|Any CPU.Build.0 = Release|Any CPU
		{C00B19A4-CC10-9A73-49E5-48D9C03454BB}.Debug|Any CPU.ActiveCfg = Debug|Any CPU
		{C00B19A4-CC10-9A73-49E5-48D9C03454BB}.Debug|Any CPU.Build.0 = Debug|Any CPU
		{C00B19A4-CC10-9A73-49E5-48D9C03454BB}.Release|Any CPU.ActiveCfg = Release|Any CPU
		{C00B19A4-CC10-9A73-49E5-48D9C03454BB}.Release|Any CPU.Build.0 = Release|Any CPU
		{88B66489-5B0F-DA11-C2AE-37F36AB693B9}.Debug|Any CPU.ActiveCfg = Debug|Any CPU
		{88B66489-5B0F-DA11-C2AE-37F36AB693B9}.Debug|Any CPU.Build.0 = Debug|Any CPU
		{88B66489-5B0F-DA11-C2AE-37F36AB693B9}.Release|Any CPU.ActiveCfg = Release|Any CPU
		{88B66489-5B0F-DA11-C2AE-37F36AB693B9}.Release|Any CPU.Build.0 = Release|Any CPU
		{0D1D42D1-A38C-6290-B69E-33F9AFD6F9AA}.Debug|Any CPU.ActiveCfg = Debug|Any CPU
		{0D1D42D1-A38C-6290-B69E-33F9AFD6F9AA}.Debug|Any CPU.Build.0 = Debug|Any CPU
		{0D1D42D1-A38C-6290-B69E-33F9AFD6F9AA}.Release|Any CPU.ActiveCfg = Release|Any CPU
		{0D1D42D1-A38C-6290-B69E-33F9AFD6F9AA}.Release|Any CPU.Build.0 = Release|Any CPU
		{696F4656-5CE1-E43C-CA9A-A462437E46DD}.Debug|Any CPU.ActiveCfg = Debug|Any CPU
		{696F4656-5CE1-E43C-CA9A-A462437E46DD}.Debug|Any CPU.Build.0 = Debug|Any CPU
		{696F4656-5CE1-E43C-CA9A-A462437E46DD}.Release|Any CPU.ActiveCfg = Release|Any CPU
		{696F4656-5CE1-E43C-CA9A-A462437E46DD}.Release|Any CPU.Build.0 = Release|Any CPU
		{85706B04-0D89-62DD-BD6D-EFDECBC79C24}.Debug|Any CPU.ActiveCfg = Debug|Any CPU
		{85706B04-0D89-62DD-BD6D-EFDECBC79C24}.Debug|Any CPU.Build.0 = Debug|Any CPU
		{85706B04-0D89-62DD-BD6D-EFDECBC79C24}.Release|Any CPU.ActiveCfg = Release|Any CPU
		{85706B04-0D89-62DD-BD6D-EFDECBC79C24}.Release|Any CPU.Build.0 = Release|Any CPU
		{99D19C66-AAB2-E4A0-02B0-0BAAB79B9B90}.Debug|Any CPU.ActiveCfg = Debug|Any CPU
		{99D19C66-AAB2-E4A0-02B0-0BAAB79B9B90}.Debug|Any CPU.Build.0 = Debug|Any CPU
		{99D19C66-AAB2-E4A0-02B0-0BAAB79B9B90}.Release|Any CPU.ActiveCfg = Release|Any CPU
		{99D19C66-AAB2-E4A0-02B0-0BAAB79B9B90}.Release|Any CPU.Build.0 = Release|Any CPU
		{9518F79F-9CB2-8AE7-B32A-EB5886DD74D6}.Debug|Any CPU.ActiveCfg = Debug|Any CPU
		{9518F79F-9CB2-8AE7-B32A-EB5886DD74D6}.Debug|Any CPU.Build.0 = Debug|Any CPU
		{9518F79F-9CB2-8AE7-B32A-EB5886DD74D6}.Release|Any CPU.ActiveCfg = Release|Any CPU
		{9518F79F-9CB2-8AE7-B32A-EB5886DD74D6}.Release|Any CPU.Build.0 = Release|Any CPU
		{3366FDFE-0A9D-1D8A-F050-605C47AD34D5}.Debug|Any CPU.ActiveCfg = Debug|Any CPU
		{3366FDFE-0A9D-1D8A-F050-605C47AD34D5}.Debug|Any CPU.Build.0 = Debug|Any CPU
		{3366FDFE-0A9D-1D8A-F050-605C47AD34D5}.Release|Any CPU.ActiveCfg = Release|Any CPU
		{3366FDFE-0A9D-1D8A-F050-605C47AD34D5}.Release|Any CPU.Build.0 = Release|Any CPU
		{CE55904E-D5CC-1E8C-6B85-7DE356FA6509}.Debug|Any CPU.ActiveCfg = Debug|Any CPU
		{CE55904E-D5CC-1E8C-6B85-7DE356FA6509}.Debug|Any CPU.Build.0 = Debug|Any CPU
		{CE55904E-D5CC-1E8C-6B85-7DE356FA6509}.Release|Any CPU.ActiveCfg = Release|Any CPU
		{CE55904E-D5CC-1E8C-6B85-7DE356FA6509}.Release|Any CPU.Build.0 = Release|Any CPU
		{7CFAE3D4-75A7-4400-5964-3BBEDB586EEE}.Debug|Any CPU.ActiveCfg = Debug|Any CPU
		{7CFAE3D4-75A7-4400-5964-3BBEDB586EEE}.Debug|Any CPU.Build.0 = Debug|Any CPU
		{7CFAE3D4-75A7-4400-5964-3BBEDB586EEE}.Release|Any CPU.ActiveCfg = Release|Any CPU
		{7CFAE3D4-75A7-4400-5964-3BBEDB586EEE}.Release|Any CPU.Build.0 = Release|Any CPU
		{B2506E3F-2481-40E6-E623-DA7C6DB7C98B}.Debug|Any CPU.ActiveCfg = Debug|Any CPU
		{B2506E3F-2481-40E6-E623-DA7C6DB7C98B}.Debug|Any CPU.Build.0 = Debug|Any CPU
		{B2506E3F-2481-40E6-E623-DA7C6DB7C98B}.Release|Any CPU.ActiveCfg = Release|Any CPU
		{B2506E3F-2481-40E6-E623-DA7C6DB7C98B}.Release|Any CPU.Build.0 = Release|Any CPU
		{49B161FC-22EB-3E35-ED01-292C48FE6C59}.Debug|Any CPU.ActiveCfg = Debug|Any CPU
		{49B161FC-22EB-3E35-ED01-292C48FE6C59}.Debug|Any CPU.Build.0 = Debug|Any CPU
		{49B161FC-22EB-3E35-ED01-292C48FE6C59}.Release|Any CPU.ActiveCfg = Release|Any CPU
		{49B161FC-22EB-3E35-ED01-292C48FE6C59}.Release|Any CPU.Build.0 = Release|Any CPU
		{846C554A-DF54-379A-6E6E-0A36014C6C00}.Debug|Any CPU.ActiveCfg = Debug|Any CPU
		{846C554A-DF54-379A-6E6E-0A36014C6C00}.Debug|Any CPU.Build.0 = Debug|Any CPU
		{846C554A-DF54-379A-6E6E-0A36014C6C00}.Release|Any CPU.ActiveCfg = Release|Any CPU
		{846C554A-DF54-379A-6E6E-0A36014C6C00}.Release|Any CPU.Build.0 = Release|Any CPU
		{B634ADFB-5118-CDA9-5097-ECB335CE5CAB}.Debug|Any CPU.ActiveCfg = Debug|Any CPU
		{B634ADFB-5118-CDA9-5097-ECB335CE5CAB}.Debug|Any CPU.Build.0 = Debug|Any CPU
		{B634ADFB-5118-CDA9-5097-ECB335CE5CAB}.Release|Any CPU.ActiveCfg = Release|Any CPU
		{B634ADFB-5118-CDA9-5097-ECB335CE5CAB}.Release|Any CPU.Build.0 = Release|Any CPU
	EndGlobalSection
	GlobalSection(SolutionProperties) = preSolution
		HideSolutionNode = FALSE
	EndGlobalSection
EndGlobal
